
Microsoft Visual Studio Solution File, Format Version 12.00
# Visual Studio Version 17
VisualStudioVersion = 17.1.32414.318
MinimumVisualStudioVersion = 10.0.40219.1
Project("{9A19103F-16F7-4668-BE54-9A1E7A4F7556}") = "QAOA", "QAOA\QAOA.csproj", "{67CEFA70-6A01-411B-A8ED-CCE689971240}"
EndProject
Project("{9A19103F-16F7-4668-BE54-9A1E7A4F7556}") = "QuantumRNG", "QuantumRNG\QuantumRNG.csproj", "{F272EA3D-8565-43A1-960E-A0D0166DBFFD}"
EndProject
Global
	GlobalSection(SolutionConfigurationPlatforms) = preSolution
		Debug|Any CPU = Debug|Any CPU
		Release|Any CPU = Release|Any CPU
	EndGlobalSection
	GlobalSection(ProjectConfigurationPlatforms) = postSolution
		{67CEFA70-6A01-411B-A8ED-CCE689971240}.Debug|Any CPU.ActiveCfg = Debug|Any CPU
		{67CEFA70-6A01-411B-A8ED-CCE689971240}.Debug|Any CPU.Build.0 = Debug|Any CPU
		{67CEFA70-6A01-411B-A8ED-CCE689971240}.Release|Any CPU.ActiveCfg = Release|Any CPU
		{67CEFA70-6A01-411B-A8ED-CCE689971240}.Release|Any CPU.Build.0 = Release|Any CPU
		{F272EA3D-8565-43A1-960E-A0D0166DBFFD}.Debug|Any CPU.ActiveCfg = Debug|Any CPU
		{F272EA3D-8565-43A1-960E-A0D0166DBFFD}.Debug|Any CPU.Build.0 = Debug|Any CPU
		{F272EA3D-8565-43A1-960E-A0D0166DBFFD}.Release|Any CPU.ActiveCfg = Release|Any CPU
		{F272EA3D-8565-43A1-960E-A0D0166DBFFD}.Release|Any CPU.Build.0 = Release|Any CPU
	EndGlobalSection
	GlobalSection(SolutionProperties) = preSolution
		HideSolutionNode = FALSE
	EndGlobalSection
	GlobalSection(ExtensibilityGlobals) = postSolution
		SolutionGuid = {182021AD-3F67-44F8-ACB7-067A33FD5FE5}
	EndGlobalSection
EndGlobal
